
Microsoft Visual Studio Solution File, Format Version 12.00
# Visual Studio Version 17
VisualStudioVersion = 17.0.31903.59
MinimumVisualStudioVersion = 10.0.40219.1
Project("{FAE04EC0-301F-11D3-BF4B-00C04F79EFBC}") = "Web_253502_Alkhovik.Blazor.SSR", "Web_253502_Alkhovik.Blazor.SSR\Web_253502_Alkhovik.Blazor.SSR.csproj", "{59604817-DFF1-4E46-A764-FB5CF13EDE95}"
EndProject
Project("{FAE04EC0-301F-11D3-BF4B-00C04F79EFBC}") = "Web_253502_Alkhovik.BlazorWasm", "Web_253502_Alkhovik.BlazorWasm\Web_253502_Alkhovik.BlazorWasm.csproj", "{68D9C2C6-89C7-4AB2-AD0E-01B2721C450E}"
EndProject
Global
	GlobalSection(SolutionConfigurationPlatforms) = preSolution
		Debug|Any CPU = Debug|Any CPU
		Release|Any CPU = Release|Any CPU
	EndGlobalSection
	GlobalSection(SolutionProperties) = preSolution
		HideSolutionNode = FALSE
	EndGlobalSection
	GlobalSection(ProjectConfigurationPlatforms) = postSolution
		{59604817-DFF1-4E46-A764-FB5CF13EDE95}.Debug|Any CPU.ActiveCfg = Debug|Any CPU
		{59604817-DFF1-4E46-A764-FB5CF13EDE95}.Debug|Any CPU.Build.0 = Debug|Any CPU
		{59604817-DFF1-4E46-A764-FB5CF13EDE95}.Release|Any CPU.ActiveCfg = Release|Any CPU
		{59604817-DFF1-4E46-A764-FB5CF13EDE95}.Release|Any CPU.Build.0 = Release|Any CPU
		{68D9C2C6-89C7-4AB2-AD0E-01B2721C450E}.Debug|Any CPU.ActiveCfg = Debug|Any CPU
		{68D9C2C6-89C7-4AB2-AD0E-01B2721C450E}.Debug|Any CPU.Build.0 = Debug|Any CPU
		{68D9C2C6-89C7-4AB2-AD0E-01B2721C450E}.Release|Any CPU.ActiveCfg = Release|Any CPU
		{68D9C2C6-89C7-4AB2-AD0E-01B2721C450E}.Release|Any CPU.Build.0 = Release|Any CPU
	EndGlobalSection
EndGlobal
